// !$*UTF8*$!
{
	archiveVersion = 1;
	classes = {
	};
	objectVersion = 55;
	objects = {

/* Begin PBXBuildFile section */
		010D0D80C6EDD1316C26F8E8 /* VibeviewerCore in Frameworks */ = {isa = PBXBuildFile; productRef = 4B9C35F849AB7F9CC47D1DA5 /* VibeviewerCore */; };
		0FF96E966E4A555B663F247C /* TuistBundle+Vibeviewer.swift in Sources */ = {isa = PBXBuildFile; fileRef = C52F0304666A04BEE427D367 /* TuistBundle+Vibeviewer.swift */; };
		1B0D813C5A90DF78E7FDE527 /* ContentView.swift in Sources */ = {isa = PBXBuildFile; fileRef = 396EF53CB5888545DC0111BD /* ContentView.swift */; };
		25B7B9F29DEB05C322C55FA4 /* VibeviewerApp.swift in Sources */ = {isa = PBXBuildFile; fileRef = DCF1E1DE5BD29719A0781BB6 /* VibeviewerApp.swift */; };
		3682D35F54FDA2D0BFDFF520 /* VibeviewerModel in Frameworks */ = {isa = PBXBuildFile; productRef = 8F7747F5A47BE7CBC48D75E7 /* VibeviewerModel */; };
		4C257283FDE8DB184B063E1D /* VibeviewerAppEnvironment in Frameworks */ = {isa = PBXBuildFile; productRef = 97798F335704080C1E606F20 /* VibeviewerAppEnvironment */; };
		53CC4559868731C15DC41B2B /* Preview Assets.xcassets in Resources */ = {isa = PBXBuildFile; fileRef = 91167C4D3210AEFDD23587C7 /* Preview Assets.xcassets */; };
		C22717174A242109DD696E38 /* VibeviewerShareUI in Frameworks */ = {isa = PBXBuildFile; productRef = B6E43947578AC60D7CC9DF0D /* VibeviewerShareUI */; };
		D887978E18640D11DCF4738D /* Assets.xcassets in Resources */ = {isa = PBXBuildFile; fileRef = 906EC00DF4E6EEDBE4BAB83B /* Assets.xcassets */; };
		DA542241635F9EC1B0812D00 /* VibeviewerSettingsUI in Frameworks */ = {isa = PBXBuildFile; productRef = 53A1282747DA2C6D3D94B6AB /* VibeviewerSettingsUI */; };
		DBE75FD190F55B22EB03CA7F /* TuistAssets+Vibeviewer.swift in Sources */ = {isa = PBXBuildFile; fileRef = A9EA2F696E9E74D9E08EE0BB /* TuistAssets+Vibeviewer.swift */; };
		E52377F4E075416FCAE58281 /* VibeviewerStorage in Frameworks */ = {isa = PBXBuildFile; productRef = E37C1D11F95A7C39196E407F /* VibeviewerStorage */; };
		ECF34671F1CA242804CDF306 /* VibeviewerMenuUI in Frameworks */ = {isa = PBXBuildFile; productRef = A0482D6CEE72E43B5BA319F5 /* VibeviewerMenuUI */; };
		EFB587530213B85C23849B39 /* VibeviewerLoginUI in Frameworks */ = {isa = PBXBuildFile; productRef = 3B53C88F24A058590FC5D4BB /* VibeviewerLoginUI */; };
		F66EF75E205C8573652EBD76 /* VibeviewerAPI in Frameworks */ = {isa = PBXBuildFile; productRef = E01D26D614B0D4AF45B1F2C5 /* VibeviewerAPI */; };
/* End PBXBuildFile section */

/* Begin PBXCopyFilesBuildPhase section */
		8DBF590AB8ABAFFC9EE78D08 /* Embed Frameworks */ = {
			isa = PBXCopyFilesBuildPhase;
			buildActionMask = 2147483647;
			dstPath = "";
			dstSubfolderSpec = 10;
			files = (
			);
			name = "Embed Frameworks";
			runOnlyForDeploymentPostprocessing = 0;
		};
/* End PBXCopyFilesBuildPhase section */

/* Begin PBXFileReference section */
		0B87947D1DFD942BEB988EDB /* VibeviewerCore */ = {isa = PBXFileReference; lastKnownFileType = folder; name = VibeviewerCore; path = Packages/VibeviewerCore; sourceTree = "<group>"; };
		0D6922D58719E194AED467D7 /* VibeviewerAPI */ = {isa = PBXFileReference; lastKnownFileType = folder; name = VibeviewerAPI; path = Packages/VibeviewerAPI; sourceTree = "<group>"; };
		396EF53CB5888545DC0111BD /* ContentView.swift */ = {isa = PBXFileReference; lastKnownFileType = sourcecode.swift; path = ContentView.swift; sourceTree = "<group>"; };
		5D2D934BDECFE4E6428BD0CD /* VibeviewerStorage */ = {isa = PBXFileReference; lastKnownFileType = folder; name = VibeviewerStorage; path = Packages/VibeviewerStorage; sourceTree = "<group>"; };
		64884037E267979DE86BC9FF /* VibeviewerAppEnvironment */ = {isa = PBXFileReference; lastKnownFileType = folder; name = VibeviewerAppEnvironment; path = Packages/VibeviewerAppEnvironment; sourceTree = "<group>"; };
		82EFA8122D97B6F7756517ED /* VibeviewerModel */ = {isa = PBXFileReference; lastKnownFileType = folder; name = VibeviewerModel; path = Packages/VibeviewerModel; sourceTree = "<group>"; };
		8CE74620BF63481540A1AD28 /* VibeviewerShareUI */ = {isa = PBXFileReference; lastKnownFileType = folder; name = VibeviewerShareUI; path = Packages/VibeviewerShareUI; sourceTree = "<group>"; };
		906EC00DF4E6EEDBE4BAB83B /* Assets.xcassets */ = {isa = PBXFileReference; lastKnownFileType = folder.assetcatalog; path = Assets.xcassets; sourceTree = "<group>"; };
		91167C4D3210AEFDD23587C7 /* Preview Assets.xcassets */ = {isa = PBXFileReference; lastKnownFileType = folder.assetcatalog; path = "Preview Assets.xcassets"; sourceTree = "<group>"; };
		9B2D4AA7DA687B4EE62EE42E /* VibeviewerMenuUI */ = {isa = PBXFileReference; lastKnownFileType = folder; name = VibeviewerMenuUI; path = Packages/VibeviewerMenuUI; sourceTree = "<group>"; };
		A9EA2F696E9E74D9E08EE0BB /* TuistAssets+Vibeviewer.swift */ = {isa = PBXFileReference; lastKnownFileType = sourcecode.swift; path = "TuistAssets+Vibeviewer.swift"; sourceTree = "<group>"; };
		C52F0304666A04BEE427D367 /* TuistBundle+Vibeviewer.swift */ = {isa = PBXFileReference; lastKnownFileType = sourcecode.swift; path = "TuistBundle+Vibeviewer.swift"; sourceTree = "<group>"; };
		D352FFB558E6A6B64DF96096 /* VibeviewerLoginUI */ = {isa = PBXFileReference; lastKnownFileType = folder; name = VibeviewerLoginUI; path = Packages/VibeviewerLoginUI; sourceTree = "<group>"; };
		D5DCC058A4E391EBE4F7843A /* VibeviewerSettingsUI */ = {isa = PBXFileReference; lastKnownFileType = folder; name = VibeviewerSettingsUI; path = Packages/VibeviewerSettingsUI; sourceTree = "<group>"; };
		DA6B565C12A0B3B405EA7C2B /* Vibeviewer-Info.plist */ = {isa = PBXFileReference; lastKnownFileType = text.plist; path = "Vibeviewer-Info.plist"; sourceTree = "<group>"; };
		DCF1E1DE5BD29719A0781BB6 /* VibeviewerApp.swift */ = {isa = PBXFileReference; lastKnownFileType = sourcecode.swift; path = VibeviewerApp.swift; sourceTree = "<group>"; };
		EE174579D22D89ECC04F68EE /* Vibeviewer.app */ = {isa = PBXFileReference; explicitFileType = wrapper.application; includeInIndex = 0; path = Vibeviewer.app; sourceTree = BUILT_PRODUCTS_DIR; };
/* End PBXFileReference section */

/* Begin PBXFrameworksBuildPhase section */
		ECF430A6ADDFDB13EF6824CC /* Frameworks */ = {
			isa = PBXFrameworksBuildPhase;
			buildActionMask = 2147483647;
			files = (
				F66EF75E205C8573652EBD76 /* VibeviewerAPI in Frameworks */,
				3682D35F54FDA2D0BFDFF520 /* VibeviewerModel in Frameworks */,
				010D0D80C6EDD1316C26F8E8 /* VibeviewerCore in Frameworks */,
				EFB587530213B85C23849B39 /* VibeviewerLoginUI in Frameworks */,
				ECF34671F1CA242804CDF306 /* VibeviewerMenuUI in Frameworks */,
				DA542241635F9EC1B0812D00 /* VibeviewerSettingsUI in Frameworks */,
				4C257283FDE8DB184B063E1D /* VibeviewerAppEnvironment in Frameworks */,
				E52377F4E075416FCAE58281 /* VibeviewerStorage in Frameworks */,
				C22717174A242109DD696E38 /* VibeviewerShareUI in Frameworks */,
			);
			runOnlyForDeploymentPostprocessing = 0;
		};
/* End PBXFrameworksBuildPhase section */

/* Begin PBXGroup section */
		04D7AAC3FC41A5ED1B332682 /* Derived */ = {
			isa = PBXGroup;
			children = (
				97F247BF0B678EB32CECFF36 /* InfoPlists */,
				FA40E61678069DF2E951D3C5 /* Sources */,
			);
			path = Derived;
			sourceTree = "<group>";
		};
		4ABC33527C62D010A437E041 /* Project */ = {
			isa = PBXGroup;
			children = (
				04D7AAC3FC41A5ED1B332682 /* Derived */,
				679B741E0774A795378ACF66 /* Vibeviewer */,
			);
			name = Project;
			sourceTree = "<group>";
		};
		5FC0A8CA5E1FA65CD31CF269 /* Packages */ = {
			isa = PBXGroup;
			children = (
				0D6922D58719E194AED467D7 /* VibeviewerAPI */,
				64884037E267979DE86BC9FF /* VibeviewerAppEnvironment */,
				0B87947D1DFD942BEB988EDB /* VibeviewerCore */,
				D352FFB558E6A6B64DF96096 /* VibeviewerLoginUI */,
				9B2D4AA7DA687B4EE62EE42E /* VibeviewerMenuUI */,
				82EFA8122D97B6F7756517ED /* VibeviewerModel */,
				D5DCC058A4E391EBE4F7843A /* VibeviewerSettingsUI */,
				8CE74620BF63481540A1AD28 /* VibeviewerShareUI */,
				5D2D934BDECFE4E6428BD0CD /* VibeviewerStorage */,
			);
			name = Packages;
			sourceTree = "<group>";
		};
		679B741E0774A795378ACF66 /* Vibeviewer */ = {
			isa = PBXGroup;
			children = (
				8C797D80F1B11CBFCD43D1EE /* Preview Content */,
				906EC00DF4E6EEDBE4BAB83B /* Assets.xcassets */,
				396EF53CB5888545DC0111BD /* ContentView.swift */,
				DCF1E1DE5BD29719A0781BB6 /* VibeviewerApp.swift */,
			);
			path = Vibeviewer;
			sourceTree = "<group>";
		};
		8C797D80F1B11CBFCD43D1EE /* Preview Content */ = {
			isa = PBXGroup;
			children = (
				91167C4D3210AEFDD23587C7 /* Preview Assets.xcassets */,
			);
			path = "Preview Content";
			sourceTree = "<group>";
		};
		8CF5678F3FF347C3B747C470 /* Products */ = {
			isa = PBXGroup;
			children = (
				EE174579D22D89ECC04F68EE /* Vibeviewer.app */,
			);
			name = Products;
			sourceTree = "<group>";
		};
		91E4603EC8F2194669FC0A8F = {
			isa = PBXGroup;
			children = (
				4ABC33527C62D010A437E041 /* Project */,
				8CF5678F3FF347C3B747C470 /* Products */,
				5FC0A8CA5E1FA65CD31CF269 /* Packages */,
			);
			sourceTree = "<group>";
		};
		97F247BF0B678EB32CECFF36 /* InfoPlists */ = {
			isa = PBXGroup;
			children = (
				DA6B565C12A0B3B405EA7C2B /* Vibeviewer-Info.plist */,
			);
			path = InfoPlists;
			sourceTree = "<group>";
		};
		FA40E61678069DF2E951D3C5 /* Sources */ = {
			isa = PBXGroup;
			children = (
				A9EA2F696E9E74D9E08EE0BB /* TuistAssets+Vibeviewer.swift */,
				C52F0304666A04BEE427D367 /* TuistBundle+Vibeviewer.swift */,
			);
			path = Sources;
			sourceTree = "<group>";
		};
/* End PBXGroup section */

/* Begin PBXNativeTarget section */
		2EA77F6E99C6AB702EE96DA0 /* Vibeviewer */ = {
			isa = PBXNativeTarget;
			buildConfigurationList = 3F9D00D7719737DE748A65B2 /* Build configuration list for PBXNativeTarget "Vibeviewer" */;
			buildPhases = (
				493EB47B424ADEFBE696F9A8 /* Sources */,
				E2C326859384AE0B12962BE2 /* Resources */,
				ECF430A6ADDFDB13EF6824CC /* Frameworks */,
				8DBF590AB8ABAFFC9EE78D08 /* Embed Frameworks */,
			);
			buildRules = (
			);
			dependencies = (
			);
			name = Vibeviewer;
			packageProductDependencies = (
				E01D26D614B0D4AF45B1F2C5 /* VibeviewerAPI */,
				8F7747F5A47BE7CBC48D75E7 /* VibeviewerModel */,
				4B9C35F849AB7F9CC47D1DA5 /* VibeviewerCore */,
				3B53C88F24A058590FC5D4BB /* VibeviewerLoginUI */,
				A0482D6CEE72E43B5BA319F5 /* VibeviewerMenuUI */,
				53A1282747DA2C6D3D94B6AB /* VibeviewerSettingsUI */,
				97798F335704080C1E606F20 /* VibeviewerAppEnvironment */,
				E37C1D11F95A7C39196E407F /* VibeviewerStorage */,
				B6E43947578AC60D7CC9DF0D /* VibeviewerShareUI */,
			);
			productName = Vibeviewer;
			productReference = EE174579D22D89ECC04F68EE /* Vibeviewer.app */;
			productType = "com.apple.product-type.application";
		};
/* End PBXNativeTarget section */

/* Begin PBXProject section */
		7E544F19E7215F0ECAC75810 /* Project object */ = {
			isa = PBXProject;
			attributes = {
				BuildIndependentTargetsInParallel = YES;
				ORGANIZATIONNAME = Vibeviewer;
				TargetAttributes = {
				};
			};
			buildConfigurationList = B620BFE58D839DDE7EF39282 /* Build configuration list for PBXProject "Vibeviewer" */;
			compatibilityVersion = "Xcode 14.0";
			developmentRegion = en;
			hasScannedForEncodings = 0;
			knownRegions = (
				Base,
				en,
			);
			mainGroup = 91E4603EC8F2194669FC0A8F;
			packageReferences = (
				7870F211AA1F75F45F1F1798 /* XCLocalSwiftPackageReference "/Users/groot/Vibeviewer/Packages/VibeviewerAPI" */,
				CECAB45AD59BECCF47BC2D3C /* XCLocalSwiftPackageReference "/Users/groot/Vibeviewer/Packages/VibeviewerAppEnvironment" */,
				7312C3CC86216CE185FBBAA2 /* XCLocalSwiftPackageReference "/Users/groot/Vibeviewer/Packages/VibeviewerCore" */,
				AD9D5421D54B77F7949103C1 /* XCLocalSwiftPackageReference "/Users/groot/Vibeviewer/Packages/VibeviewerLoginUI" */,
				E3CF3480708553BB9277968D /* XCLocalSwiftPackageReference "/Users/groot/Vibeviewer/Packages/VibeviewerMenuUI" */,
				40ADF506F56B9700A17BFF0B /* XCLocalSwiftPackageReference "/Users/groot/Vibeviewer/Packages/VibeviewerModel" */,
				8DE67066220B6A65F8604EE1 /* XCLocalSwiftPackageReference "/Users/groot/Vibeviewer/Packages/VibeviewerSettingsUI" */,
				597A26B07969B2F6AAD821AA /* XCLocalSwiftPackageReference "/Users/groot/Vibeviewer/Packages/VibeviewerShareUI" */,
				B5D9F2642FF2111724020B09 /* XCLocalSwiftPackageReference "/Users/groot/Vibeviewer/Packages/VibeviewerStorage" */,
			);
			productRefGroup = 8CF5678F3FF347C3B747C470 /* Products */;
			projectDirPath = "";
			projectRoot = "";
			targets = (
				2EA77F6E99C6AB702EE96DA0 /* Vibeviewer */,
			);
		};
/* End PBXProject section */

/* Begin PBXResourcesBuildPhase section */
		E2C326859384AE0B12962BE2 /* Resources */ = {
			isa = PBXResourcesBuildPhase;
			buildActionMask = 2147483647;
			files = (
				D887978E18640D11DCF4738D /* Assets.xcassets in Resources */,
				53CC4559868731C15DC41B2B /* Preview Assets.xcassets in Resources */,
			);
			runOnlyForDeploymentPostprocessing = 0;
		};
/* End PBXResourcesBuildPhase section */

/* Begin PBXSourcesBuildPhase section */
		493EB47B424ADEFBE696F9A8 /* Sources */ = {
			isa = PBXSourcesBuildPhase;
			buildActionMask = 2147483647;
			files = (
				DBE75FD190F55B22EB03CA7F /* TuistAssets+Vibeviewer.swift in Sources */,
				0FF96E966E4A555B663F247C /* TuistBundle+Vibeviewer.swift in Sources */,
				1B0D813C5A90DF78E7FDE527 /* ContentView.swift in Sources */,
				25B7B9F29DEB05C322C55FA4 /* VibeviewerApp.swift in Sources */,
			);
			runOnlyForDeploymentPostprocessing = 0;
		};
/* End PBXSourcesBuildPhase section */

/* Begin XCBuildConfiguration section */
		14FB39BE567143ED1E12F1B4 /* Debug */ = {
			isa = XCBuildConfiguration;
			buildSettings = {
				ASSETCATALOG_COMPILER_APPICON_NAME = AppIcon;
				ASSETCATALOG_COMPILER_GLOBAL_ACCENT_COLOR_NAME = AccentColor;
				CODE_SIGN_IDENTITY = "-";
				COMBINE_HIDPI_IMAGES = YES;
				ENABLE_PREVIEWS = YES;
				INFOPLIST_FILE = "Derived/InfoPlists/Vibeviewer-Info.plist";
				LD_RUNPATH_SEARCH_PATHS = (
					"$(inherited)",
					"@executable_path/../Frameworks",
				);
				MACOSX_DEPLOYMENT_TARGET = 14.0;
				PRODUCT_BUNDLE_IDENTIFIER = com.magicgroot.vibeviewer;
				PRODUCT_NAME = Vibeviewer;
				SDKROOT = macosx;
				SWIFT_ACTIVE_COMPILATION_CONDITIONS = (
					"$(inherited)",
					DEBUG,
				);
				SWIFT_COMPILATION_MODE = singlefile;
				SWIFT_OPTIMIZATION_LEVEL = "-Onone";
			};
			name = Debug;
		};
		46E54DA7CBDAD8D1D423BD22 /* Release */ = {
			isa = XCBuildConfiguration;
			buildSettings = {
				ALWAYS_SEARCH_USER_PATHS = NO;
				CLANG_ANALYZER_LOCALIZABILITY_NONLOCALIZED = YES;
				CLANG_ANALYZER_NONNULL = YES;
				CLANG_ANALYZER_NUMBER_OBJECT_CONVERSION = YES_AGGRESSIVE;
				CLANG_CXX_LANGUAGE_STANDARD = "gnu++14";
				CLANG_CXX_LIBRARY = "libc++";
				CLANG_ENABLE_MODULES = YES;
				CLANG_ENABLE_OBJC_ARC = YES;
				CLANG_ENABLE_OBJC_WEAK = YES;
				CLANG_WARN_BLOCK_CAPTURE_AUTORELEASING = YES;
				CLANG_WARN_BOOL_CONVERSION = YES;
				CLANG_WARN_COMMA = YES;
				CLANG_WARN_CONSTANT_CONVERSION = YES;
				CLANG_WARN_DEPRECATED_OBJC_IMPLEMENTATIONS = YES;
				CLANG_WARN_DIRECT_OBJC_ISA_USAGE = YES_ERROR;
				CLANG_WARN_DOCUMENTATION_COMMENTS = YES;
				CLANG_WARN_EMPTY_BODY = YES;
				CLANG_WARN_ENUM_CONVERSION = YES;
				CLANG_WARN_INFINITE_RECURSION = YES;
				CLANG_WARN_INT_CONVERSION = YES;
				CLANG_WARN_NON_LITERAL_NULL_CONVERSION = YES;
				CLANG_WARN_OBJC_IMPLICIT_RETAIN_SELF = YES;
				CLANG_WARN_OBJC_LITERAL_CONVERSION = YES;
				CLANG_WARN_OBJC_ROOT_CLASS = YES_ERROR;
				CLANG_WARN_QUOTED_INCLUDE_IN_FRAMEWORK_HEADER = YES;
				CLANG_WARN_RANGE_LOOP_ANALYSIS = YES;
				CLANG_WARN_STRICT_PROTOTYPES = YES;
				CLANG_WARN_SUSPICIOUS_MOVE = YES;
				CLANG_WARN_UNGUARDED_AVAILABILITY = YES_AGGRESSIVE;
				CLANG_WARN_UNREACHABLE_CODE = YES;
				CLANG_WARN__DUPLICATE_METHOD_MATCH = YES;
				COPY_PHASE_STRIP = NO;
				DEAD_CODE_STRIPPING = YES;
				DEBUG_INFORMATION_FORMAT = "dwarf-with-dsym";
				ENABLE_NS_ASSERTIONS = NO;
				ENABLE_STRICT_OBJC_MSGSEND = YES;
				GCC_C_LANGUAGE_STANDARD = gnu11;
				GCC_NO_COMMON_BLOCKS = YES;
				GCC_WARN_64_TO_32_BIT_CONVERSION = YES;
				GCC_WARN_ABOUT_RETURN_TYPE = YES_ERROR;
				GCC_WARN_UNDECLARED_SELECTOR = YES;
				GCC_WARN_UNINITIALIZED_AUTOS = YES_AGGRESSIVE;
				GCC_WARN_UNUSED_FUNCTION = YES;
				GCC_WARN_UNUSED_VARIABLE = YES;
				MACOSX_DEPLOYMENT_TARGET = 14.0;
				MTL_ENABLE_DEBUG_INFO = NO;
				PRODUCT_NAME = "$(TARGET_NAME)";
				SWIFT_VERSION = 5.10;
				VALIDATE_PRODUCT = YES;
			};
			name = Release;
		};
		5C070A51F70972920AF8FCC3 /* Release */ = {
			isa = XCBuildConfiguration;
			buildSettings = {
				ASSETCATALOG_COMPILER_APPICON_NAME = AppIcon;
				ASSETCATALOG_COMPILER_GLOBAL_ACCENT_COLOR_NAME = AccentColor;
				CODE_SIGN_IDENTITY = "-";
				COMBINE_HIDPI_IMAGES = YES;
				ENABLE_PREVIEWS = YES;
				INFOPLIST_FILE = "Derived/InfoPlists/Vibeviewer-Info.plist";
				LD_RUNPATH_SEARCH_PATHS = (
					"$(inherited)",
					"@executable_path/../Frameworks",
				);
				MACOSX_DEPLOYMENT_TARGET = 14.0;
				PRODUCT_BUNDLE_IDENTIFIER = com.magicgroot.vibeviewer;
				PRODUCT_NAME = Vibeviewer;
				SDKROOT = macosx;
				SWIFT_COMPILATION_MODE = wholemodule;
				SWIFT_OPTIMIZATION_LEVEL = "-O";
			};
			name = Release;
		};
		5EA4FCE3D40AB059E9879EF8 /* Debug */ = {
			isa = XCBuildConfiguration;
			buildSettings = {
				ALWAYS_SEARCH_USER_PATHS = NO;
				CLANG_ANALYZER_LOCALIZABILITY_NONLOCALIZED = YES;
				CLANG_ANALYZER_NONNULL = YES;
				CLANG_ANALYZER_NUMBER_OBJECT_CONVERSION = YES_AGGRESSIVE;
				CLANG_CXX_LANGUAGE_STANDARD = "gnu++14";
				CLANG_CXX_LIBRARY = "libc++";
				CLANG_ENABLE_MODULES = YES;
				CLANG_ENABLE_OBJC_ARC = YES;
				CLANG_ENABLE_OBJC_WEAK = YES;
				CLANG_WARN_BLOCK_CAPTURE_AUTORELEASING = YES;
				CLANG_WARN_BOOL_CONVERSION = YES;
				CLANG_WARN_COMMA = YES;
				CLANG_WARN_CONSTANT_CONVERSION = YES;
				CLANG_WARN_DEPRECATED_OBJC_IMPLEMENTATIONS = YES;
				CLANG_WARN_DIRECT_OBJC_ISA_USAGE = YES_ERROR;
				CLANG_WARN_DOCUMENTATION_COMMENTS = YES;
				CLANG_WARN_EMPTY_BODY = YES;
				CLANG_WARN_ENUM_CONVERSION = YES;
				CLANG_WARN_INFINITE_RECURSION = YES;
				CLANG_WARN_INT_CONVERSION = YES;
				CLANG_WARN_NON_LITERAL_NULL_CONVERSION = YES;
				CLANG_WARN_OBJC_IMPLICIT_RETAIN_SELF = YES;
				CLANG_WARN_OBJC_LITERAL_CONVERSION = YES;
				CLANG_WARN_OBJC_ROOT_CLASS = YES_ERROR;
				CLANG_WARN_QUOTED_INCLUDE_IN_FRAMEWORK_HEADER = YES;
				CLANG_WARN_RANGE_LOOP_ANALYSIS = YES;
				CLANG_WARN_STRICT_PROTOTYPES = YES;
				CLANG_WARN_SUSPICIOUS_MOVE = YES;
				CLANG_WARN_UNGUARDED_AVAILABILITY = YES_AGGRESSIVE;
				CLANG_WARN_UNREACHABLE_CODE = YES;
				CLANG_WARN__DUPLICATE_METHOD_MATCH = YES;
				COPY_PHASE_STRIP = NO;
				DEAD_CODE_STRIPPING = YES;
				DEBUG_INFORMATION_FORMAT = dwarf;
				ENABLE_STRICT_OBJC_MSGSEND = YES;
				ENABLE_TESTABILITY = YES;
				GCC_C_LANGUAGE_STANDARD = gnu11;
				GCC_DYNAMIC_NO_PIC = NO;
				GCC_NO_COMMON_BLOCKS = YES;
				GCC_OPTIMIZATION_LEVEL = 0;
				GCC_PREPROCESSOR_DEFINITIONS = (
					"DEBUG=1",
					"$(inherited)",
				);
				GCC_WARN_64_TO_32_BIT_CONVERSION = YES;
				GCC_WARN_ABOUT_RETURN_TYPE = YES_ERROR;
				GCC_WARN_UNDECLARED_SELECTOR = YES;
				GCC_WARN_UNINITIALIZED_AUTOS = YES_AGGRESSIVE;
				GCC_WARN_UNUSED_FUNCTION = YES;
				GCC_WARN_UNUSED_VARIABLE = YES;
				MACOSX_DEPLOYMENT_TARGET = 14.0;
				MTL_ENABLE_DEBUG_INFO = YES;
				ONLY_ACTIVE_ARCH = YES;
				PRODUCT_NAME = "$(TARGET_NAME)";
				SWIFT_VERSION = 5.10;
			};
			name = Debug;
		};
/* End XCBuildConfiguration section */

/* Begin XCConfigurationList section */
		3F9D00D7719737DE748A65B2 /* Build configuration list for PBXNativeTarget "Vibeviewer" */ = {
			isa = XCConfigurationList;
			buildConfigurations = (
				14FB39BE567143ED1E12F1B4 /* Debug */,
				5C070A51F70972920AF8FCC3 /* Release */,
			);
			defaultConfigurationIsVisible = 0;
			defaultConfigurationName = Release;
		};
		B620BFE58D839DDE7EF39282 /* Build configuration list for PBXProject "Vibeviewer" */ = {
			isa = XCConfigurationList;
			buildConfigurations = (
				5EA4FCE3D40AB059E9879EF8 /* Debug */,
				46E54DA7CBDAD8D1D423BD22 /* Release */,
			);
			defaultConfigurationIsVisible = 0;
			defaultConfigurationName = Release;
		};
/* End XCConfigurationList section */

/* Begin XCLocalSwiftPackageReference section */
		40ADF506F56B9700A17BFF0B /* XCLocalSwiftPackageReference "/Users/groot/Vibeviewer/Packages/VibeviewerModel" */ = {
			isa = XCLocalSwiftPackageReference;
			relativePath = /Users/groot/Vibeviewer/Packages/VibeviewerModel;
		};
		597A26B07969B2F6AAD821AA /* XCLocalSwiftPackageReference "/Users/groot/Vibeviewer/Packages/VibeviewerShareUI" */ = {
			isa = XCLocalSwiftPackageReference;
			relativePath = /Users/groot/Vibeviewer/Packages/VibeviewerShareUI;
		};
		7312C3CC86216CE185FBBAA2 /* XCLocalSwiftPackageReference "/Users/groot/Vibeviewer/Packages/VibeviewerCore" */ = {
			isa = XCLocalSwiftPackageReference;
			relativePath = /Users/groot/Vibeviewer/Packages/VibeviewerCore;
		};
		7870F211AA1F75F45F1F1798 /* XCLocalSwiftPackageReference "/Users/groot/Vibeviewer/Packages/VibeviewerAPI" */ = {
			isa = XCLocalSwiftPackageReference;
			relativePath = /Users/groot/Vibeviewer/Packages/VibeviewerAPI;
		};
		8DE67066220B6A65F8604EE1 /* XCLocalSwiftPackageReference "/Users/groot/Vibeviewer/Packages/VibeviewerSettingsUI" */ = {
			isa = XCLocalSwiftPackageReference;
			relativePath = /Users/groot/Vibeviewer/Packages/VibeviewerSettingsUI;
		};
		AD9D5421D54B77F7949103C1 /* XCLocalSwiftPackageReference "/Users/groot/Vibeviewer/Packages/VibeviewerLoginUI" */ = {
			isa = XCLocalSwiftPackageReference;
			relativePath = /Users/groot/Vibeviewer/Packages/VibeviewerLoginUI;
		};
		B5D9F2642FF2111724020B09 /* XCLocalSwiftPackageReference "/Users/groot/Vibeviewer/Packages/VibeviewerStorage" */ = {
			isa = XCLocalSwiftPackageReference;
			relativePath = /Users/groot/Vibeviewer/Packages/VibeviewerStorage;
		};
		CECAB45AD59BECCF47BC2D3C /* XCLocalSwiftPackageReference "/Users/groot/Vibeviewer/Packages/VibeviewerAppEnvironment" */ = {
			isa = XCLocalSwiftPackageReference;
			relativePath = /Users/groot/Vibeviewer/Packages/VibeviewerAppEnvironment;
		};
		E3CF3480708553BB9277968D /* XCLocalSwiftPackageReference "/Users/groot/Vibeviewer/Packages/VibeviewerMenuUI" */ = {
			isa = XCLocalSwiftPackageReference;
			relativePath = /Users/groot/Vibeviewer/Packages/VibeviewerMenuUI;
		};
/* End XCLocalSwiftPackageReference section */

/* Begin XCSwiftPackageProductDependency section */
		3B53C88F24A058590FC5D4BB /* VibeviewerLoginUI */ = {
			isa = XCSwiftPackageProductDependency;
			productName = VibeviewerLoginUI;
		};
		4B9C35F849AB7F9CC47D1DA5 /* VibeviewerCore */ = {
			isa = XCSwiftPackageProductDependency;
			productName = VibeviewerCore;
		};
		53A1282747DA2C6D3D94B6AB /* VibeviewerSettingsUI */ = {
			isa = XCSwiftPackageProductDependency;
			productName = VibeviewerSettingsUI;
		};
		8F7747F5A47BE7CBC48D75E7 /* VibeviewerModel */ = {
			isa = XCSwiftPackageProductDependency;
			productName = VibeviewerModel;
		};
		97798F335704080C1E606F20 /* VibeviewerAppEnvironment */ = {
			isa = XCSwiftPackageProductDependency;
			productName = VibeviewerAppEnvironment;
		};
		A0482D6CEE72E43B5BA319F5 /* VibeviewerMenuUI */ = {
			isa = XCSwiftPackageProductDependency;
			productName = VibeviewerMenuUI;
		};
		B6E43947578AC60D7CC9DF0D /* VibeviewerShareUI */ = {
			isa = XCSwiftPackageProductDependency;
			productName = VibeviewerShareUI;
		};
		E01D26D614B0D4AF45B1F2C5 /* VibeviewerAPI */ = {
			isa = XCSwiftPackageProductDependency;
			productName = VibeviewerAPI;
		};
		E37C1D11F95A7C39196E407F /* VibeviewerStorage */ = {
			isa = XCSwiftPackageProductDependency;
			productName = VibeviewerStorage;
		};
/* End XCSwiftPackageProductDependency section */
	};
	rootObject = 7E544F19E7215F0ECAC75810 /* Project object */;
}
